// !$*UTF8*$!
{
	archiveVersion = 1;
	classes = {
	};
	objectVersion = 50;
	objects = {

/* Begin PBXBuildFile section */
		D96A6A4A22FBB2CB006F19D8 /* JAFMultiProxy.m in Sources */ = {isa = PBXBuildFile; fileRef = D96A6A4922FBB2CB006F19D8 /* JAFMultiProxy.m */; };
		D96A6A4D22FBB320006F19D8 /* NSObject+JAFMultiProxyAddition.m in Sources */ = {isa = PBXBuildFile; fileRef = D96A6A4C22FBB320006F19D8 /* NSObject+JAFMultiProxyAddition.m */; };
/* End PBXBuildFile section */

/* Begin PBXFileReference section */
		D96A6A2F22FBB2A3006F19D8 /* JAFMultiDelegate.app */ = {isa = PBXFileReference; explicitFileType = wrapper.application; includeInIndex = 0; path = JAFMultiDelegate.app; sourceTree = BUILT_PRODUCTS_DIR; };
		D96A6A4822FBB2CB006F19D8 /* JAFMultiProxy.h */ = {isa = PBXFileReference; lastKnownFileType = sourcecode.c.h; path = JAFMultiProxy.h; sourceTree = "<group>"; };
		D96A6A4922FBB2CB006F19D8 /* JAFMultiProxy.m */ = {isa = PBXFileReference; lastKnownFileType = sourcecode.c.objc; path = JAFMultiProxy.m; sourceTree = "<group>"; };
		D96A6A4B22FBB320006F19D8 /* NSObject+JAFMultiProxyAddition.h */ = {isa = PBXFileReference; lastKnownFileType = sourcecode.c.h; path = "NSObject+JAFMultiProxyAddition.h"; sourceTree = "<group>"; };
		D96A6A4C22FBB320006F19D8 /* NSObject+JAFMultiProxyAddition.m */ = {isa = PBXFileReference; lastKnownFileType = sourcecode.c.objc; path = "NSObject+JAFMultiProxyAddition.m"; sourceTree = "<group>"; };
/* End PBXFileReference section */

/* Begin PBXFrameworksBuildPhase section */
		D96A6A2C22FBB2A3006F19D8 /* Frameworks */ = {
			isa = PBXFrameworksBuildPhase;
			buildActionMask = 2147483647;
			files = (
			);
			runOnlyForDeploymentPostprocessing = 0;
		};
/* End PBXFrameworksBuildPhase section */

/* Begin PBXGroup section */
		D96A6A2622FBB2A3006F19D8 = {
			isa = PBXGroup;
			children = (
				D96A6A4822FBB2CB006F19D8 /* JAFMultiProxy.h */,
				D96A6A4922FBB2CB006F19D8 /* JAFMultiProxy.m */,
				D96A6A4B22FBB320006F19D8 /* NSObject+JAFMultiProxyAddition.h */,
				D96A6A4C22FBB320006F19D8 /* NSObject+JAFMultiProxyAddition.m */,
				D96A6A3022FBB2A3006F19D8 /* Products */,
			);
			sourceTree = "<group>";
		};
		D96A6A3022FBB2A3006F19D8 /* Products */ = {
			isa = PBXGroup;
			children = (
				D96A6A2F22FBB2A3006F19D8 /* JAFMultiDelegate.app */,
			);
			name = Products;
			sourceTree = "<group>";
		};
/* End PBXGroup section */

/* Begin PBXNativeTarget section */
		D96A6A2E22FBB2A3006F19D8 /* JAFMultiDelegate */ = {
			isa = PBXNativeTarget;
			buildConfigurationList = D96A6A4522FBB2A4006F19D8 /* Build configuration list for PBXNativeTarget "JAFMultiDelegate" */;
			buildPhases = (
				D96A6A2B22FBB2A3006F19D8 /* Sources */,
				D96A6A2C22FBB2A3006F19D8 /* Frameworks */,
				D96A6A2D22FBB2A3006F19D8 /* Resources */,
			);
			buildRules = (
			);
			dependencies = (
			);
			name = JAFMultiDelegate;
			productName = JAFMultiDelegate;
			productReference = D96A6A2F22FBB2A3006F19D8 /* JAFMultiDelegate.app */;
			productType = "com.apple.product-type.application";
		};
/* End PBXNativeTarget section */

/* Begin PBXProject section */
		D96A6A2722FBB2A3006F19D8 /* Project object */ = {
			isa = PBXProject;
			attributes = {
				LastUpgradeCheck = 1020;
				ORGANIZATIONNAME = Jamfer.iOSCoder;
				TargetAttributes = {
					D96A6A2E22FBB2A3006F19D8 = {
						CreatedOnToolsVersion = 10.2.1;
					};
				};
			};
			buildConfigurationList = D96A6A2A22FBB2A3006F19D8 /* Build configuration list for PBXProject "JAFMultiDelegate" */;
			compatibilityVersion = "Xcode 9.3";
			developmentRegion = en;
			hasScannedForEncodings = 0;
			knownRegions = (
				en,
				Base,
			);
			mainGroup = D96A6A2622FBB2A3006F19D8;
			productRefGroup = D96A6A3022FBB2A3006F19D8 /* Products */;
			projectDirPath = "";
			projectRoot = "";
			targets = (
				D96A6A2E22FBB2A3006F19D8 /* JAFMultiDelegate */,
			);
		};
/* End PBXProject section */

/* Begin PBXResourcesBuildPhase section */
		D96A6A2D22FBB2A3006F19D8 /* Resources */ = {
			isa = PBXResourcesBuildPhase;
			buildActionMask = 2147483647;
			files = (
			);
			runOnlyForDeploymentPostprocessing = 0;
		};
/* End PBXResourcesBuildPhase section */

/* Begin PBXSourcesBuildPhase section */
		D96A6A2B22FBB2A3006F19D8 /* Sources */ = {
			isa = PBXSourcesBuildPhase;
			buildActionMask = 2147483647;
			files = (
				D96A6A4D22FBB320006F19D8 /* NSObject+JAFMultiProxyAddition.m in Sources */,
				D96A6A4A22FBB2CB006F19D8 /* JAFMultiProxy.m in Sources */,
			);
			runOnlyForDeploymentPostprocessing = 0;
		};
/* End PBXSourcesBuildPhase section */

/* Begin XCBuildConfiguration section */
		D96A6A4322FBB2A4006F19D8 /* Debug */ = {
			isa = XCBuildConfiguration;
			buildSettings = {
				ALWAYS_SEARCH_USER_PATHS = NO;
				CLANG_ANALYZER_NONNULL = YES;
				CLANG_ANALYZER_NUMBER_OBJECT_CONVERSION = YES_AGGRESSIVE;
				CLANG_CXX_LANGUAGE_STANDARD = "gnu++14";
				CLANG_CXX_LIBRARY = "libc++";
				CLANG_ENABLE_MODULES = YES;
				CLANG_ENABLE_OBJC_ARC = YES;
				CLANG_ENABLE_OBJC_WEAK = YES;
				CLANG_WARN_BLOCK_CAPTURE_AUTORELEASING = YES;
				CLANG_WARN_BOOL_CONVERSION = YES;
				CLANG_WARN_COMMA = YES;
				CLANG_WARN_CONSTANT_CONVERSION = YES;
				CLANG_WARN_DEPRECATED_OBJC_IMPLEMENTATIONS = YES;
				CLANG_WARN_DIRECT_OBJC_ISA_USAGE = YES_ERROR;
				CLANG_WARN_DOCUMENTATION_COMMENTS = YES;
				CLANG_WARN_EMPTY_BODY = YES;
				CLANG_WARN_ENUM_CONVERSION = YES;
				CLANG_WARN_INFINITE_RECURSION = YES;
				CLANG_WARN_INT_CONVERSION = YES;
				CLANG_WARN_NON_LITERAL_NULL_CONVERSION = YES;
				CLANG_WARN_OBJC_IMPLICIT_RETAIN_SELF = YES;
				CLANG_WARN_OBJC_LITERAL_CONVERSION = YES;
				CLANG_WARN_OBJC_ROOT_CLASS = YES_ERROR;
				CLANG_WARN_RANGE_LOOP_ANALYSIS = YES;
				CLANG_WARN_STRICT_PROTOTYPES = YES;
				CLANG_WARN_SUSPICIOUS_MOVE = YES;
				CLANG_WARN_UNGUARDED_AVAILABILITY = YES_AGGRESSIVE;
				CLANG_WARN_UNREACHABLE_CODE = YES;
				CLANG_WARN__DUPLICATE_METHOD_MATCH = YES;
				CODE_SIGN_IDENTITY = "iPhone Developer";
				COPY_PHASE_STRIP = NO;
				DEBUG_INFORMATION_FORMAT = dwarf;
				ENABLE_STRICT_OBJC_MSGSEND = YES;
				ENABLE_TESTABILITY = YES;
				GCC_C_LANGUAGE_STANDARD = gnu11;
				GCC_DYNAMIC_NO_PIC = NO;
				GCC_NO_COMMON_BLOCKS = YES;
				GCC_OPTIMIZATION_LEVEL = 0;
				GCC_PREPROCESSOR_DEFINITIONS = (
					"DEBUG=1",
					"$(inherited)",
				);
				GCC_WARN_64_TO_32_BIT_CONVERSION = YES;
				GCC_WARN_ABOUT_RETURN_TYPE = YES_ERROR;
				GCC_WARN_UNDECLARED_SELECTOR = YES;
				GCC_WARN_UNINITIALIZED_AUTOS = YES_AGGRESSIVE;
				GCC_WARN_UNUSED_FUNCTION = YES;
				GCC_WARN_UNUSED_VARIABLE = YES;
				IPHONEOS_DEPLOYMENT_TARGET = 12.2;
				MTL_ENABLE_DEBUG_INFO = INCLUDE_SOURCE;
				MTL_FAST_MATH = YES;
				ONLY_ACTIVE_ARCH = YES;
				SDKROOT = iphoneos;
			};
			name = Debug;
		};
		D96A6A4422FBB2A4006F19D8 /* Release */ = {
			isa = XCBuildConfiguration;
			buildSettings = {
				ALWAYS_SEARCH_USER_PATHS = NO;
				CLANG_ANALYZER_NONNULL = YES;
				CLANG_ANALYZER_NUMBER_OBJECT_CONVERSION = YES_AGGRESSIVE;
				CLANG_CXX_LANGUAGE_STANDARD = "gnu++14";
				CLANG_CXX_LIBRARY = "libc++";
				CLANG_ENABLE_MODULES = YES;
				CLANG_ENABLE_OBJC_ARC = YES;
				CLANG_ENABLE_OBJC_WEAK = YES;
				CLANG_WARN_BLOCK_CAPTURE_AUTORELEASING = YES;
				CLANG_WARN_BOOL_CONVERSION = YES;
				CLANG_WARN_COMMA = YES;
				CLANG_WARN_CONSTANT_CONVERSION = YES;
				CLANG_WARN_DEPRECATED_OBJC_IMPLEMENTATIONS = YES;
				CLANG_WARN_DIRECT_OBJC_ISA_USAGE = YES_ERROR;
				CLANG_WARN_DOCUMENTATION_COMMENTS = YES;
				CLANG_WARN_EMPTY_BODY = YES;
				CLANG_WARN_ENUM_CONVERSION = YES;
				CLANG_WARN_INFINITE_RECURSION = YES;
				CLANG_WARN_INT_CONVERSION = YES;
				CLANG_WARN_NON_LITERAL_NULL_CONVERSION = YES;
				CLANG_WARN_OBJC_IMPLICIT_RETAIN_SELF = YES;
				CLANG_WARN_OBJC_LITERAL_CONVERSION = YES;
				CLANG_WARN_OBJC_ROOT_CLASS = YES_ERROR;
				CLANG_WARN_RANGE_LOOP_ANALYSIS = YES;
				CLANG_WARN_STRICT_PROTOTYPES = YES;
				CLANG_WARN_SUSPICIOUS_MOVE = YES;
				CLANG_WARN_UNGUARDED_AVAILABILITY = YES_AGGRESSIVE;
				CLANG_WARN_UNREACHABLE_CODE = YES;
				CLANG_WARN__DUPLICATE_METHOD_MATCH = YES;
				CODE_SIGN_IDENTITY = "iPhone Developer";
				COPY_PHASE_STRIP = NO;
				DEBUG_INFORMATION_FORMAT = "dwarf-with-dsym";
				ENABLE_NS_ASSERTIONS = NO;
				ENABLE_STRICT_OBJC_MSGSEND = YES;
				GCC_C_LANGUAGE_STANDARD = gnu11;
				GCC_NO_COMMON_BLOCKS = YES;
				GCC_WARN_64_TO_32_BIT_CONVERSION = YES;
				GCC_WARN_ABOUT_RETURN_TYPE = YES_ERROR;
				GCC_WARN_UNDECLARED_SELECTOR = YES;
				GCC_WARN_UNINITIALIZED_AUTOS = YES_AGGRESSIVE;
				GCC_WARN_UNUSED_FUNCTION = YES;
				GCC_WARN_UNUSED_VARIABLE = YES;
				IPHONEOS_DEPLOYMENT_TARGET = 12.2;
				MTL_ENABLE_DEBUG_INFO = NO;
				MTL_FAST_MATH = YES;
				SDKROOT = iphoneos;
				VALIDATE_PRODUCT = YES;
			};
			name = Release;
		};
		D96A6A4622FBB2A4006F19D8 /* Debug */ = {
			isa = XCBuildConfiguration;
			buildSettings = {
				ASSETCATALOG_COMPILER_APPICON_NAME = AppIcon;
				CODE_SIGN_STYLE = Automatic;
				INFOPLIST_FILE = JAFMultiDelegate/Info.plist;
				LD_RUNPATH_SEARCH_PATHS = (
					"$(inherited)",
					"@executable_path/Frameworks",
				);
				PRODUCT_BUNDLE_IDENTIFIER = com.iOSCorder.Jamfer.JAFMultiDelegate;
				PRODUCT_NAME = "$(TARGET_NAME)";
				TARGETED_DEVICE_FAMILY = "1,2";
			};
			name = Debug;
		};
		D96A6A4722FBB2A4006F19D8 /* Release */ = {
			isa = XCBuildConfiguration;
			buildSettings = {
				ASSETCATALOG_COMPILER_APPICON_NAME = AppIcon;
				CODE_SIGN_STYLE = Automatic;
				INFOPLIST_FILE = JAFMultiDelegate/Info.plist;
				LD_RUNPATH_SEARCH_PATHS = (
					"$(inherited)",
					"@executable_path/Frameworks",
				);
				PRODUCT_BUNDLE_IDENTIFIER = com.iOSCorder.Jamfer.JAFMultiDelegate;
				PRODUCT_NAME = "$(TARGET_NAME)";
				TARGETED_DEVICE_FAMILY = "1,2";
			};
			name = Release;
		};
/* End XCBuildConfiguration section */

/* Begin XCConfigurationList section */
		D96A6A2A22FBB2A3006F19D8 /* Build configuration list for PBXProject "JAFMultiDelegate" */ = {
			isa = XCConfigurationList;
			buildConfigurations = (
				D96A6A4322FBB2A4006F19D8 /* Debug */,
				D96A6A4422FBB2A4006F19D8 /* Release */,
			);
			defaultConfigurationIsVisible = 0;
			defaultConfigurationName = Release;
		};
		D96A6A4522FBB2A4006F19D8 /* Build configuration list for PBXNativeTarget "JAFMultiDelegate" */ = {
			isa = XCConfigurationList;
			buildConfigurations = (
				D96A6A4622FBB2A4006F19D8 /* Debug */,
				D96A6A4722FBB2A4006F19D8 /* Release */,
			);
			defaultConfigurationIsVisible = 0;
			defaultConfigurationName = Release;
		};
/* End XCConfigurationList section */
	};
	rootObject = D96A6A2722FBB2A3006F19D8 /* Project object */;
}
